{
  "name": "fullstack-web-study",
  "version": "1.0.0",
  "lockfileVersion": 3,
  "requires": true,
  "packages": {
    "": {
      "name": "fullstack-web-study",
      "version": "1.0.0",
      "license": "MIT",
      "workspaces": [
        "packages/*",
        "apps/*"
      ]
    },
    "packages/db": {
      "extraneous": true
    }
  }
}
