{
  "name": "fullstack-web-study",
  "version": "1.0.0",
  "lockfileVersion": 3,
  "requires": true,
  "packages": {
    "": {
      "name": "fullstack-web-study",
      "version": "1.0.0",
      "license": "MIT",
      "workspaces": [
        "packages/*",
        "apps/*"
      ]
    },
    "node_modules/db": {
      "resolved": "packages/db",
      "link": true
    },
    "node_modules/lowdb": {
      "version": "6.1.1",
      "resolved": "https://registry.npmjs.org/lowdb/-/lowdb-6.1.1.tgz",
      "integrity": "sha512-HO13FCxI8SCwfj2JRXOKgXggxnmfSc+l0aJsZ5I34X3pwzG/DPBSKyKu3Zkgg/pNmx854SVgE2la0oUeh6wzNw==",
      "dependencies": {
        "steno": "^3.1.1"
      },
      "engines": {
        "node": ">=16"
      },
      "funding": {
        "url": "https://github.com/sponsors/typicode"
      }
    },
    "node_modules/steno": {
      "version": "3.1.1",
      "resolved": "https://registry.npmjs.org/steno/-/steno-3.1.1.tgz",
      "integrity": "sha512-B7c6EVH7oEiaMRW36SjUnktkDwp/qd4pQiduylyiqvcZEZDeX0IIFZRBZdwO/RaVo60M0wkDwC0e8yeKaR4VGg==",
      "engines": {
        "node": ">=16"
      },
      "funding": {
        "url": "https://github.com/sponsors/typicode"
      }
    },
    "packages/db": {
      "dependencies": {
        "lowdb": "^6.1.1"
      }
    }
  }
}
